# THIS IS AN AUTOGENERATED FILE. DO NOT EDIT THIS FILE DIRECTLY.
# yarn lockfile v1


"@antv/adjust@^0.2.1":
  version "0.2.3"
  resolved "https://registry.npm.taobao.org/@antv/adjust/download/@antv/adjust-0.2.3.tgz#c3884a680c3264cc125d7f2ab5398e8a1c0b9401"
  integrity sha1-w4hKaAwyZMwSXX8qtTmOihwLlAE=
  dependencies:
    "@antv/util" "~2.0.0"
    tslib "^1.10.0"

"@antv/attr@^0.3.1":
  version "0.3.2"
  resolved "https://registry.npm.taobao.org/@antv/attr/download/@antv/attr-0.3.2.tgz#e5866b64870c62f3a9c25b8a61f654ba2bfda051"
  integrity sha1-5YZrZIcMYvOpwluKYfZUuiv9oFE=
  dependencies:
    "@antv/color-util" "^2.0.1"
    "@antv/util" "~2.0.0"
    tslib "^1.10.0"

"@antv/color-util@^2.0.1", "@antv/color-util@^2.0.2":
  version "2.0.6"
  resolved "https://registry.npm.taobao.org/@antv/color-util/download/@antv/color-util-2.0.6.tgz?cache=0&sync_timestamp=1608536974976&other_urls=https%3A%2F%2Fregistry.npm.taobao.org%2F%40antv%2Fcolor-util%2Fdownload%2F%40antv%2Fcolor-util-2.0.6.tgz#5e129bb9ce3f2b9309b52102b3dc929430ccc016"
  integrity sha1-XhKbuc4/K5MJtSECs9ySlDDMwBY=
  dependencies:
    "@antv/util" "^2.0.9"
    tslib "^2.0.3"

"@antv/component@^0.8.7":
  version "0.8.11"
  resolved "https://registry.npm.taobao.org/@antv/component/download/@antv/component-0.8.11.tgz?cache=0&sync_timestamp=1617698405114&other_urls=https%3A%2F%2Fregistry.npm.taobao.org%2F%40antv%2Fcomponent%2Fdownload%2F%40antv%2Fcomponent-0.8.11.tgz#4276fcf6df87cdcbcbed560c1d9adaccf80d5c7e"
  integrity sha1-Qnb89t+HzcvL7VYMHZrazPgNXH4=
  dependencies:
    "@antv/dom-util" "~2.0.1"
    "@antv/g-base" "0.5.6"
    "@antv/matrix-util" "^3.1.0-beta.1"
    "@antv/path-util" "~2.0.7"
    "@antv/scale" "~0.3.1"
    "@antv/util" "~2.0.0"
    fecha "~4.2.0"
    tslib "^2.0.3"

"@antv/coord@^0.3.0":
  version "0.3.1"
  resolved "https://registry.npm.taobao.org/@antv/coord/download/@antv/coord-0.3.1.tgz?cache=0&sync_timestamp=1615365116901&other_urls=https%3A%2F%2Fregistry.npm.taobao.org%2F%40antv%2Fcoord%2Fdownload%2F%40antv%2Fcoord-0.3.1.tgz#982e261d8a1e06a198eb518ea7acc20ed875a019"
  integrity sha1-mC4mHYoeBqGY61GOp6zCDth1oBk=
  dependencies:
    "@antv/matrix-util" "^3.1.0-beta.2"
    "@antv/util" "~2.0.12"
    tslib "^2.1.0"

"@antv/dom-util@^2.0.2", "@antv/dom-util@~2.0.1":
  version "2.0.3"
  resolved "https://registry.npm.taobao.org/@antv/dom-util/download/@antv/dom-util-2.0.3.tgz?cache=0&sync_timestamp=1608536974267&other_urls=https%3A%2F%2Fregistry.npm.taobao.org%2F%40antv%2Fdom-util%2Fdownload%2F%40antv%2Fdom-util-2.0.3.tgz#cbd158b1c88e0e8a4d865871a5969b1190554ff5"
  integrity sha1-y9FYsciODopNhlhxpZabEZBVT/U=
  dependencies:
    tslib "^2.0.3"

"@antv/event-emitter@^0.1.1", "@antv/event-emitter@^0.1.2", "@antv/event-emitter@~0.1.0":
  version "0.1.2"
  resolved "https://registry.npm.taobao.org/@antv/event-emitter/download/@antv/event-emitter-0.1.2.tgz#a17b7cb86e6d071880dc6bfb232756f88624ecbc"
  integrity sha1-oXt8uG5tBxiA3Gv7IydW+IYk7Lw=

"@antv/g-base@0.5.6":
  version "0.5.6"
  resolved "https://registry.nlark.com/@antv/g-base/download/@antv/g-base-0.5.6.tgz?cache=0&sync_timestamp=1619321443133&other_urls=https%3A%2F%2Fregistry.nlark.com%2F%40antv%2Fg-base%2Fdownload%2F%40antv%2Fg-base-0.5.6.tgz#d96da5fbf6c5f8b073072751e15e5eec70b393fc"
  integrity sha1-2W2l+/bF+LBzBydR4V5e7HCzk/w=
  dependencies:
    "@antv/event-emitter" "^0.1.1"
    "@antv/g-math" "^0.1.6"
    "@antv/matrix-util" "^3.1.0-beta.1"
    "@antv/path-util" "~2.0.5"
    "@antv/util" "~2.0.0"
    "@types/d3-timer" "^2.0.0"
    d3-ease "^1.0.5"
    d3-interpolate "^1.3.2"
    d3-timer "^1.0.9"
    detect-browser "^5.1.0"
    tslib "^2.0.3"

"@antv/g-base@^0.5.3", "@antv/g-base@~0.5.6":
  version "0.5.9"
  resolved "https://registry.nlark.com/@antv/g-base/download/@antv/g-base-0.5.9.tgz?cache=0&sync_timestamp=1619321443133&other_urls=https%3A%2F%2Fregistry.nlark.com%2F%40antv%2Fg-base%2Fdownload%2F%40antv%2Fg-base-0.5.9.tgz#58d0e11d85157ada1408fbdf24f4f468f40e59cd"
  integrity sha1-WNDhHYUVetoUCPvfJPT0aPQOWc0=
  dependencies:
    "@antv/event-emitter" "^0.1.1"
    "@antv/g-math" "^0.1.6"
    "@antv/matrix-util" "^3.1.0-beta.1"
    "@antv/path-util" "~2.0.5"
    "@antv/util" "~2.0.0"
    "@types/d3-timer" "^2.0.0"
    d3-ease "^1.0.5"
    d3-interpolate "^1.3.2"
    d3-timer "^1.0.9"
    detect-browser "^5.1.0"
    tslib "^2.0.3"

"@antv/g-canvas@~0.5.10":
  version "0.5.10"
  resolved "https://registry.nlark.com/@antv/g-canvas/download/@antv/g-canvas-0.5.10.tgz#ad19a1dcd19edd12d29539e1dc5b521585b437c6"
  integrity sha1-rRmh3NGe3RLSlTnh3FtSFYW0N8Y=
  dependencies:
    "@antv/g-base" "^0.5.3"
    "@antv/g-math" "^0.1.6"
    "@antv/matrix-util" "^3.1.0-beta.1"
    "@antv/path-util" "~2.0.5"
    "@antv/util" "~2.0.0"
    gl-matrix "^3.0.0"
    tslib "^2.0.3"

"@antv/g-math@^0.1.6":
  version "0.1.7"
  resolved "https://registry.npm.taobao.org/@antv/g-math/download/@antv/g-math-0.1.7.tgz?cache=0&sync_timestamp=1608541832366&other_urls=https%3A%2F%2Fregistry.npm.taobao.org%2F%40antv%2Fg-math%2Fdownload%2F%40antv%2Fg-math-0.1.7.tgz#6ec2769269f7ccb67e58140d5739df74046cc04e"
  integrity sha1-bsJ2kmn3zLZ+WBQNVznfdARswE4=
  dependencies:
    "@antv/util" "~2.0.0"
    gl-matrix "^3.0.0"

"@antv/g-svg@~0.5.6":
  version "0.5.6"
  resolved "https://registry.npm.taobao.org/@antv/g-svg/download/@antv/g-svg-0.5.6.tgz?cache=0&sync_timestamp=1608541833814&other_urls=https%3A%2F%2Fregistry.npm.taobao.org%2F%40antv%2Fg-svg%2Fdownload%2F%40antv%2Fg-svg-0.5.6.tgz#70b2fa980c431b39ad3c5b4b53e36a1d60957d65"
  integrity sha1-cLL6mAxDGzmtPFtLU+NqHWCVfWU=
  dependencies:
    "@antv/g-base" "^0.5.3"
    "@antv/g-math" "^0.1.6"
    "@antv/util" "~2.0.0"
    detect-browser "^5.0.0"
    tslib "^2.0.3"

"@antv/g2@^4.1.0":
  version "4.1.16"
  resolved "https://registry.nlark.com/@antv/g2/download/@antv/g2-4.1.16.tgz?cache=0&sync_timestamp=1619426184572&other_urls=https%3A%2F%2Fregistry.nlark.com%2F%40antv%2Fg2%2Fdownload%2F%40antv%2Fg2-4.1.16.tgz#b6d4f92c49215c5a95b05db04402f1f2f3d95efc"
  integrity sha1-ttT5LEkhXFqVsF2wRALx8vPZXvw=
  dependencies:
    "@antv/adjust" "^0.2.1"
    "@antv/attr" "^0.3.1"
    "@antv/color-util" "^2.0.2"
    "@antv/component" "^0.8.7"
    "@antv/coord" "^0.3.0"
    "@antv/dom-util" "^2.0.2"
    "@antv/event-emitter" "~0.1.0"
    "@antv/g-base" "~0.5.6"
    "@antv/g-canvas" "~0.5.10"
    "@antv/g-svg" "~0.5.6"
    "@antv/matrix-util" "^3.1.0-beta.1"
    "@antv/path-util" "^2.0.3"
    "@antv/scale" "^0.3.7"
    "@antv/util" "~2.0.5"
    tslib "^2.0.0"

"@antv/g2plot@^2.3.19":
  version "2.3.19"
  resolved "https://registry.nlark.com/@antv/g2plot/download/@antv/g2plot-2.3.19.tgz#5edd9983b21ef3733096f2c7a43221adaf2d41c8"
  integrity sha1-Xt2Zg7Ie83MwlvLHpDIhra8tQcg=
  dependencies:
    "@antv/event-emitter" "^0.1.2"
    "@antv/g2" "^4.1.0"
    d3-hierarchy "^2.0.0"
    d3-regression "^1.3.5"
    size-sensor "^1.0.1"
    tslib "^2.0.3"

"@antv/matrix-util@^3.1.0-beta.1", "@antv/matrix-util@^3.1.0-beta.2":
  version "3.1.0-beta.2"
  resolved "https://registry.npm.taobao.org/@antv/matrix-util/download/@antv/matrix-util-3.1.0-beta.2.tgz#b4afafb70dbdf52affca308d3546c8a090fd23ca"
  integrity sha1-tK+vtw299Sr/yjCNNUbIoJD9I8o=
  dependencies:
    "@antv/util" "^2.0.9"
    gl-matrix "^3.3.0"
    tslib "^1.10.0"

"@antv/path-util@^2.0.3", "@antv/path-util@~2.0.5", "@antv/path-util@~2.0.7":
  version "2.0.9"
  resolved "https://registry.npm.taobao.org/@antv/path-util/download/@antv/path-util-2.0.9.tgz?cache=0&sync_timestamp=1608536974644&other_urls=https%3A%2F%2Fregistry.npm.taobao.org%2F%40antv%2Fpath-util%2Fdownload%2F%40antv%2Fpath-util-2.0.9.tgz#976e4a3cfb6219767a602d297b205c88d66d7b2c"
  integrity sha1-l25KPPtiGXZ6YC0peyBciNZteyw=
  dependencies:
    "@antv/util" "^2.0.9"
    tslib "^2.0.3"

"@antv/scale@^0.3.7", "@antv/scale@~0.3.1":
  version "0.3.9"
  resolved "https://registry.nlark.com/@antv/scale/download/@antv/scale-0.3.9.tgz?cache=0&sync_timestamp=1619422723524&other_urls=https%3A%2F%2Fregistry.nlark.com%2F%40antv%2Fscale%2Fdownload%2F%40antv%2Fscale-0.3.9.tgz#c57cc7fd5e9e02b9608558301ab7934b18f8137d"
  integrity sha1-xXzH/V6eArlghVgwGreTSxj4E30=
  dependencies:
    "@antv/util" "~2.0.3"
    fecha "~4.2.0"
    tslib "^2.0.0"

"@antv/util@^2.0.9", "@antv/util@~2.0.0", "@antv/util@~2.0.12", "@antv/util@~2.0.3", "@antv/util@~2.0.5":
  version "2.0.13"
  resolved "https://registry.npm.taobao.org/@antv/util/download/@antv/util-2.0.13.tgz?cache=0&sync_timestamp=1614258217732&other_urls=https%3A%2F%2Fregistry.npm.taobao.org%2F%40antv%2Futil%2Fdownload%2F%40antv%2Futil-2.0.13.tgz#7c2e701d89527116ec17cf5a400413c5c6afcb4d"
  integrity sha1-fC5wHYlScRbsF89aQAQTxcavy00=
  dependencies:
    tslib "^2.0.3"

"@types/d3-timer@^2.0.0":
  version "2.0.0"
  resolved "https://registry.npm.taobao.org/@types/d3-timer/download/@types/d3-timer-2.0.0.tgz#9901bb02af38798764674df17d66b07329705632"
  integrity sha1-mQG7Aq84eYdkZ03xfWawcylwVjI=

"@types/http-proxy@^1.17.5":
  version "1.17.5"
  resolved "https://registry.nlark.com/@types/http-proxy/download/@types/http-proxy-1.17.5.tgz#c203c5e6e9dc6820d27a40eb1e511c70a220423d"
  integrity sha1-wgPF5uncaCDSekDrHlEccKIgQj0=
  dependencies:
    "@types/node" "*"

"@types/node@*":
  version "15.0.0"
  resolved "https://registry.nlark.com/@types/node/download/@types/node-15.0.0.tgz?cache=0&sync_timestamp=1619467068604&other_urls=https%3A%2F%2Fregistry.nlark.com%2F%40types%2Fnode%2Fdownload%2F%40types%2Fnode-15.0.0.tgz#557dd0da4a6dca1407481df3bbacae0cd6f68042"
  integrity sha1-VX3Q2kptyhQHSB3zu6yuDNb2gEI=

braces@^3.0.1:
  version "3.0.2"
  resolved "https://registry.npm.taobao.org/braces/download/braces-3.0.2.tgz#3454e1a462ee8d599e236df336cd9ea4f8afe107"
  integrity sha1-NFThpGLujVmeI23zNs2epPiv4Qc=
  dependencies:
    fill-range "^7.0.1"

d3-color@1:
  version "1.4.1"
  resolved "https://registry.npm.taobao.org/d3-color/download/d3-color-1.4.1.tgz#c52002bf8846ada4424d55d97982fef26eb3bc8a"
  integrity sha1-xSACv4hGraRCTVXZeYL+8m6zvIo=

d3-ease@^1.0.5:
  version "1.0.7"
  resolved "https://registry.npm.taobao.org/d3-ease/download/d3-ease-1.0.7.tgz#9a834890ef8b8ae8c558b2fe55bd57f5993b85e2"
  integrity sha1-moNIkO+LiujFWLL+Vb1X9Zk7heI=

d3-hierarchy@^2.0.0:
  version "2.0.0"
  resolved "https://registry.npm.taobao.org/d3-hierarchy/download/d3-hierarchy-2.0.0.tgz#dab88a58ca3e7a1bc6cab390e89667fcc6d20218"
  integrity sha1-2riKWMo+ehvGyrOQ6JZn/MbSAhg=

d3-interpolate@^1.3.2:
  version "1.4.0"
  resolved "https://registry.npm.taobao.org/d3-interpolate/download/d3-interpolate-1.4.0.tgz?cache=0&sync_timestamp=1598193842038&other_urls=https%3A%2F%2Fregistry.npm.taobao.org%2Fd3-interpolate%2Fdownload%2Fd3-interpolate-1.4.0.tgz#526e79e2d80daa383f9e0c1c1c7dcc0f0583e987"
  integrity sha1-Um554tgNqjg/ngwcHH3MDwWD6Yc=
  dependencies:
    d3-color "1"

d3-regression@^1.3.5:
  version "1.3.9"
  resolved "https://registry.nlark.com/d3-regression/download/d3-regression-1.3.9.tgz#61c34acb9b6bbd9172ede89f05d0b7fbd57ccdc0"
  integrity sha1-YcNKy5trvZFy7eifBdC3+9V8zcA=

d3-timer@^1.0.9:
  version "1.0.10"
  resolved "https://registry.npm.taobao.org/d3-timer/download/d3-timer-1.0.10.tgz#dfe76b8a91748831b13b6d9c793ffbd508dd9de5"
  integrity sha1-3+dripF0iDGxO22ceT/71QjdneU=

detect-browser@^5.0.0, detect-browser@^5.1.0:
  version "5.2.0"
  resolved "https://registry.npm.taobao.org/detect-browser/download/detect-browser-5.2.0.tgz#c9cd5afa96a6a19fda0bbe9e9be48a6b6e1e9c97"
  integrity sha1-yc1a+pamoZ/aC76em+SKa24enJc=

echarts-for-react@^3.0.1:
  version "3.0.1"
  resolved "https://registry.npm.taobao.org/echarts-for-react/download/echarts-for-react-3.0.1.tgz?cache=0&sync_timestamp=1614303765885&other_urls=https%3A%2F%2Fregistry.npm.taobao.org%2Fecharts-for-react%2Fdownload%2Fecharts-for-react-3.0.1.tgz#cf9de60e468b342c244314be2325e00d765a5137"
  integrity sha1-z53mDkaLNCwkQxS+IyXgDXZaUTc=
  dependencies:
    fast-deep-equal "^3.1.3"
    size-sensor "^1.0.1"

echarts@^5.1.1:
  version "5.1.1"
  resolved "https://registry.nlark.com/echarts/download/echarts-5.1.1.tgz?cache=0&sync_timestamp=1619495447964&other_urls=https%3A%2F%2Fregistry.nlark.com%2Fecharts%2Fdownload%2Fecharts-5.1.1.tgz#b186f162f017c555cfd67b12ede6762bdc3ddfda"
  integrity sha1-sYbxYvAXxVXP1nsS7eZ2K9w939o=
  dependencies:
    tslib "2.0.3"
    zrender "5.1.0"

eventemitter3@^4.0.0:
  version "4.0.7"
  resolved "https://registry.npm.taobao.org/eventemitter3/download/eventemitter3-4.0.7.tgz?cache=0&sync_timestamp=1598517819668&other_urls=https%3A%2F%2Fregistry.npm.taobao.org%2Feventemitter3%2Fdownload%2Feventemitter3-4.0.7.tgz#2de9b68f6528d5644ef5c59526a1b4a07306169f"
  integrity sha1-Lem2j2Uo1WRO9cWVJqG0oHMGFp8=

fast-deep-equal@^3.1.3:
  version "3.1.3"
  resolved "https://registry.npm.taobao.org/fast-deep-equal/download/fast-deep-equal-3.1.3.tgz#3a7d56b559d6cbc3eb512325244e619a65c6c525"
  integrity sha1-On1WtVnWy8PrUSMlJE5hmmXGxSU=

fecha@~4.2.0:
  version "4.2.1"
  resolved "https://registry.npm.taobao.org/fecha/download/fecha-4.2.1.tgz?cache=0&sync_timestamp=1617639899258&other_urls=https%3A%2F%2Fregistry.npm.taobao.org%2Ffecha%2Fdownload%2Ffecha-4.2.1.tgz#0a83ad8f86ef62a091e22bb5a039cd03d23eecce"
  integrity sha1-CoOtj4bvYqCR4iu1oDnNA9I+7M4=

fill-range@^7.0.1:
  version "7.0.1"
  resolved "https://registry.nlark.com/fill-range/download/fill-range-7.0.1.tgz#1919a6a7c75fe38b2c7c77e5198535da9acdda40"
  integrity sha1-GRmmp8df44ssfHflGYU12prN2kA=
  dependencies:
    to-regex-range "^5.0.1"

follow-redirects@^1.0.0:
  version "1.14.0"
  resolved "https://registry.nlark.com/follow-redirects/download/follow-redirects-1.14.0.tgz?cache=0&sync_timestamp=1619369228463&other_urls=https%3A%2F%2Fregistry.nlark.com%2Ffollow-redirects%2Fdownload%2Ffollow-redirects-1.14.0.tgz#f5d260f95c5f8c105894491feee5dc8993b402fe"
  integrity sha1-9dJg+VxfjBBYlEkf7uXciZO0Av4=

gl-matrix@^3.0.0, gl-matrix@^3.3.0:
  version "3.3.0"
  resolved "https://registry.npm.taobao.org/gl-matrix/download/gl-matrix-3.3.0.tgz#232eef60b1c8b30a28cbbe75b2caf6c48fd6358b"
  integrity sha1-Iy7vYLHIswooy751ssr2xI/WNYs=

http-proxy-middleware@^1.3.0:
  version "1.3.0"
  resolved "https://registry.nlark.com/http-proxy-middleware/download/http-proxy-middleware-1.3.0.tgz?cache=0&sync_timestamp=1619386584187&other_urls=https%3A%2F%2Fregistry.nlark.com%2Fhttp-proxy-middleware%2Fdownload%2Fhttp-proxy-middleware-1.3.0.tgz#eda5e0b7d1f27ac82bd11eb5099d8c309d30cf30"
  integrity sha1-7aXgt9Hyesgr0R61CZ2MMJ0wzzA=
  dependencies:
    "@types/http-proxy" "^1.17.5"
    http-proxy "^1.18.1"
    is-glob "^4.0.1"
    is-plain-obj "^3.0.0"
    micromatch "^4.0.2"

http-proxy@^1.18.1:
  version "1.18.1"
  resolved "https://registry.npm.taobao.org/http-proxy/download/http-proxy-1.18.1.tgz#401541f0534884bbf95260334e72f88ee3976549"
  integrity sha1-QBVB8FNIhLv5UmAzTnL4juOXZUk=
  dependencies:
    eventemitter3 "^4.0.0"
    follow-redirects "^1.0.0"
    requires-port "^1.0.0"

is-extglob@^2.1.1:
  version "2.1.1"
  resolved "https://registry.nlark.com/is-extglob/download/is-extglob-2.1.1.tgz#a88c02535791f02ed37c76a1b9ea9773c833f8c2"
  integrity sha1-qIwCU1eR8C7TfHahueqXc8gz+MI=

is-glob@^4.0.1:
  version "4.0.1"
  resolved "https://registry.npm.taobao.org/is-glob/download/is-glob-4.0.1.tgz#7567dbe9f2f5e2467bc77ab83c4a29482407a5dc"
  integrity sha1-dWfb6fL14kZ7x3q4PEopSCQHpdw=
  dependencies:
    is-extglob "^2.1.1"

is-number@^7.0.0:
  version "7.0.0"
  resolved "https://registry.npm.taobao.org/is-number/download/is-number-7.0.0.tgz#7535345b896734d5f80c4d06c50955527a14f12b"
  integrity sha1-dTU0W4lnNNX4DE0GxQlVUnoU8Ss=

is-plain-obj@^3.0.0:
  version "3.0.0"
  resolved "https://registry.npm.taobao.org/is-plain-obj/download/is-plain-obj-3.0.0.tgz#af6f2ea14ac5a646183a5bbdb5baabbc156ad9d7"
  integrity sha1-r28uoUrFpkYYOlu9tbqrvBVq2dc=

micromatch@^4.0.2:
  version "4.0.4"
  resolved "https://registry.npm.taobao.org/micromatch/download/micromatch-4.0.4.tgz?cache=0&sync_timestamp=1618054787196&other_urls=https%3A%2F%2Fregistry.npm.taobao.org%2Fmicromatch%2Fdownload%2Fmicromatch-4.0.4.tgz#896d519dfe9db25fce94ceb7a500919bf881ebf9"
  integrity sha1-iW1Rnf6dsl/OlM63pQCRm/iB6/k=
  dependencies:
    braces "^3.0.1"
    picomatch "^2.2.3"

picomatch@^2.2.3:
  version "2.2.3"
  resolved "https://registry.npm.taobao.org/picomatch/download/picomatch-2.2.3.tgz?cache=0&sync_timestamp=1618049925917&other_urls=https%3A%2F%2Fregistry.npm.taobao.org%2Fpicomatch%2Fdownload%2Fpicomatch-2.2.3.tgz#465547f359ccc206d3c48e46a1bcb89bf7ee619d"
  integrity sha1-RlVH81nMwgbTxI5Goby4m/fuYZ0=

requires-port@^1.0.0:
  version "1.0.0"
  resolved "https://registry.npm.taobao.org/requires-port/download/requires-port-1.0.0.tgz#925d2601d39ac485e091cf0da5c6e694dc3dcaff"
  integrity sha1-kl0mAdOaxIXgkc8NpcbmlNw9yv8=

size-sensor@^1.0.1:
  version "1.0.1"
  resolved "https://registry.npm.taobao.org/size-sensor/download/size-sensor-1.0.1.tgz#f84e46206d3e259faff1d548e4b3beca93219dbb"
  integrity sha1-+E5GIG0+JZ+v8dVI5LO+ypMhnbs=

store@^2.0.12:
  version "2.0.12"
  resolved "https://registry.npm.taobao.org/store/download/store-2.0.12.tgz#8c534e2a0b831f72b75fc5f1119857c44ef5d593"
  integrity sha1-jFNOKguDH3K3X8XxEZhXxE711ZM=

to-regex-range@^5.0.1:
  version "5.0.1"
  resolved "https://registry.nlark.com/to-regex-range/download/to-regex-range-5.0.1.tgz#1648c44aae7c8d988a326018ed72f5b4dd0392e4"
  integrity sha1-FkjESq58jZiKMmAY7XL1tN0DkuQ=
  dependencies:
    is-number "^7.0.0"

tslib@2.0.3:
  version "2.0.3"
  resolved "https://registry.npm.taobao.org/tslib/download/tslib-2.0.3.tgz?cache=0&sync_timestamp=1617647331485&other_urls=https%3A%2F%2Fregistry.npm.taobao.org%2Ftslib%2Fdownload%2Ftslib-2.0.3.tgz#8e0741ac45fc0c226e58a17bfc3e64b9bc6ca61c"
  integrity sha1-jgdBrEX8DCJuWKF7/D5kubxsphw=

tslib@^1.10.0:
  version "1.14.1"
  resolved "https://registry.npm.taobao.org/tslib/download/tslib-1.14.1.tgz?cache=0&sync_timestamp=1617647331485&other_urls=https%3A%2F%2Fregistry.npm.taobao.org%2Ftslib%2Fdownload%2Ftslib-1.14.1.tgz#cf2d38bdc34a134bcaf1091c41f6619e2f672d00"
  integrity sha1-zy04vcNKE0vK8QkcQfZhni9nLQA=

tslib@^2.0.0, tslib@^2.0.3, tslib@^2.1.0:
  version "2.2.0"
  resolved "https://registry.npm.taobao.org/tslib/download/tslib-2.2.0.tgz?cache=0&sync_timestamp=1617647331485&other_urls=https%3A%2F%2Fregistry.npm.taobao.org%2Ftslib%2Fdownload%2Ftslib-2.2.0.tgz#fb2c475977e35e241311ede2693cee1ec6698f5c"
  integrity sha1-+yxHWXfjXiQTEe3iaTzuHsZpj1w=

zrender@5.1.0:
  version "5.1.0"
  resolved "https://registry.nlark.com/zrender/download/zrender-5.1.0.tgz#b6a84c3aa7ccc6642ee0519901ca4c0835c4d85e"
  integrity sha1-tqhMOqfMxmQu4FGZAcpMCDXE2F4=
  dependencies:
    tslib "2.0.3"
